{
  "name": "Lorentz",
  "version": "1.0.0",
  "lockfileVersion": 1,
  "requires": true,
  "dependencies": {
    "@types/mathjax": {
      "version": "0.0.35",
      "resolved": "https://registry.npmjs.org/@types/mathjax/-/mathjax-0.0.35.tgz",
      "integrity": "sha512-flo9bVJE2Lzv3X5NQXVhNhv7srqk//Ngr8MT+/jRErkWGYkk8EBm42J5W0XUH6p4nWF1iLGe+atSuIkR5wA2yw=="
    },
    "mathjax": {
      "version": "2.7.5",
      "resolved": "https://registry.npmjs.org/mathjax/-/mathjax-2.7.5.tgz",
      "integrity": "sha512-OzsJNitEHAJB3y4IIlPCAvS0yoXwYjlo2Y4kmm9KQzyIBZt2d8yKRalby3uTRNN4fZQiGL2iMXjpdP1u2Rq2DQ=="
    }
  }
}
